
Microsoft Visual Studio Solution File, Format Version 12.00
# Visual Studio Version 16
VisualStudioVersion = 16.0.29613.14
MinimumVisualStudioVersion = 10.0.40219.1
Project("{FAE04EC0-301F-11D3-BF4B-00C04F79EFBC}") = "SIS.HTTP", "SIS.HTTP\SIS.HTTP.csproj", "{DC736124-E4CA-4067-A6E8-5B575EC8435B}"
EndProject
Project("{FAE04EC0-301F-11D3-BF4B-00C04F79EFBC}") = "SIS.WebServer", "SIS.WebServer\SIS.WebServer.csproj", "{6DB08622-F5D4-4FD6-BF01-79908C012ECF}"
EndProject
Global
	GlobalSection(SolutionConfigurationPlatforms) = preSolution
		Debug|Any CPU = Debug|Any CPU
		Release|Any CPU = Release|Any CPU
	EndGlobalSection
	GlobalSection(ProjectConfigurationPlatforms) = postSolution
		{DC736124-E4CA-4067-A6E8-5B575EC8435B}.Debug|Any CPU.ActiveCfg = Debug|Any CPU
		{DC736124-E4CA-4067-A6E8-5B575EC8435B}.Debug|Any CPU.Build.0 = Debug|Any CPU
		{DC736124-E4CA-4067-A6E8-5B575EC8435B}.Release|Any CPU.ActiveCfg = Release|Any CPU
		{DC736124-E4CA-4067-A6E8-5B575EC8435B}.Release|Any CPU.Build.0 = Release|Any CPU
		{6DB08622-F5D4-4FD6-BF01-79908C012ECF}.Debug|Any CPU.ActiveCfg = Debug|Any CPU
		{6DB08622-F5D4-4FD6-BF01-79908C012ECF}.Debug|Any CPU.Build.0 = Debug|Any CPU
		{6DB08622-F5D4-4FD6-BF01-79908C012ECF}.Release|Any CPU.ActiveCfg = Release|Any CPU
		{6DB08622-F5D4-4FD6-BF01-79908C012ECF}.Release|Any CPU.Build.0 = Release|Any CPU
	EndGlobalSection
	GlobalSection(SolutionProperties) = preSolution
		HideSolutionNode = FALSE
	EndGlobalSection
	GlobalSection(ExtensibilityGlobals) = postSolution
		SolutionGuid = {376CD667-F248-45DE-882F-492AD1FDFAE5}
	EndGlobalSection
EndGlobal
